
Microsoft Visual Studio Solution File, Format Version 12.00
# Visual Studio Version 17
VisualStudioVersion = 17.14.37027.9 d17.14
MinimumVisualStudioVersion = 10.0.40219.1
Project("{FAE04EC0-301F-11D3-BF4B-00C04F79EFBC}") = "Link Label", "Link Label.csproj", "{BC6EE05A-5FA0-4803-9A46-BD0F5772DAE8}"
EndProject
Global
	GlobalSection(SolutionConfigurationPlatforms) = preSolution
		Debug|Any CPU = Debug|Any CPU
		Release|Any CPU = Release|Any CPU
	EndGlobalSection
	GlobalSection(ProjectConfigurationPlatforms) = postSolution
		{BC6EE05A-5FA0-4803-9A46-BD0F5772DAE8}.Debug|Any CPU.ActiveCfg = Debug|Any CPU
		{BC6EE05A-5FA0-4803-9A46-BD0F5772DAE8}.Debug|Any CPU.Build.0 = Debug|Any CPU
		{BC6EE05A-5FA0-4803-9A46-BD0F5772DAE8}.Release|Any CPU.ActiveCfg = Release|Any CPU
		{BC6EE05A-5FA0-4803-9A46-BD0F5772DAE8}.Release|Any CPU.Build.0 = Release|Any CPU
	EndGlobalSection
	GlobalSection(SolutionProperties) = preSolution
		HideSolutionNode = FALSE
	EndGlobalSection
	GlobalSection(ExtensibilityGlobals) = postSolution
		SolutionGuid = {0A5EB10D-EAE4-4243-B838-3CCA33641A99}
	EndGlobalSection
EndGlobal
