
Microsoft Visual Studio Solution File, Format Version 12.00
# Visual Studio Version 17
VisualStudioVersion = 17.14.37027.9 d17.14
MinimumVisualStudioVersion = 10.0.40219.1
Project("{FAE04EC0-301F-11D3-BF4B-00C04F79EFBC}") = "2 Dimensional Array", "2 Dimensional Array.csproj", "{7ECAB870-B55E-4F47-8BD0-94F35D6CBC5C}"
EndProject
Global
	GlobalSection(SolutionConfigurationPlatforms) = preSolution
		Debug|Any CPU = Debug|Any CPU
		Release|Any CPU = Release|Any CPU
	EndGlobalSection
	GlobalSection(ProjectConfigurationPlatforms) = postSolution
		{7ECAB870-B55E-4F47-8BD0-94F35D6CBC5C}.Debug|Any CPU.ActiveCfg = Debug|Any CPU
		{7ECAB870-B55E-4F47-8BD0-94F35D6CBC5C}.Debug|Any CPU.Build.0 = Debug|Any CPU
		{7ECAB870-B55E-4F47-8BD0-94F35D6CBC5C}.Release|Any CPU.ActiveCfg = Release|Any CPU
		{7ECAB870-B55E-4F47-8BD0-94F35D6CBC5C}.Release|Any CPU.Build.0 = Release|Any CPU
	EndGlobalSection
	GlobalSection(SolutionProperties) = preSolution
		HideSolutionNode = FALSE
	EndGlobalSection
	GlobalSection(ExtensibilityGlobals) = postSolution
		SolutionGuid = {3A684523-4803-4612-A0C1-94E9106C4DC4}
	EndGlobalSection
EndGlobal
