
Microsoft Visual Studio Solution File, Format Version 12.00
# Visual Studio Version 17
VisualStudioVersion = 17.14.37027.9 d17.14
MinimumVisualStudioVersion = 10.0.40219.1
Project("{FAE04EC0-301F-11D3-BF4B-00C04F79EFBC}") = "Find Minimum and Maximum Element Using System.Linq", "Find Minimum and Maximum Element Using System.Linq.csproj", "{EABB2929-B246-499A-8D34-EE475D031C51}"
EndProject
Global
	GlobalSection(SolutionConfigurationPlatforms) = preSolution
		Debug|Any CPU = Debug|Any CPU
		Release|Any CPU = Release|Any CPU
	EndGlobalSection
	GlobalSection(ProjectConfigurationPlatforms) = postSolution
		{EABB2929-B246-499A-8D34-EE475D031C51}.Debug|Any CPU.ActiveCfg = Debug|Any CPU
		{EABB2929-B246-499A-8D34-EE475D031C51}.Debug|Any CPU.Build.0 = Debug|Any CPU
		{EABB2929-B246-499A-8D34-EE475D031C51}.Release|Any CPU.ActiveCfg = Release|Any CPU
		{EABB2929-B246-499A-8D34-EE475D031C51}.Release|Any CPU.Build.0 = Release|Any CPU
	EndGlobalSection
	GlobalSection(SolutionProperties) = preSolution
		HideSolutionNode = FALSE
	EndGlobalSection
	GlobalSection(ExtensibilityGlobals) = postSolution
		SolutionGuid = {D1DA76D5-65A8-4E67-BAF4-75B31D099D7B}
	EndGlobalSection
EndGlobal
