
Microsoft Visual Studio Solution File, Format Version 12.00
# Visual Studio Version 17
VisualStudioVersion = 17.14.37027.9 d17.14
MinimumVisualStudioVersion = 10.0.40219.1
Project("{FAE04EC0-301F-11D3-BF4B-00C04F79EFBC}") = "Structures", "Structures.csproj", "{35ABE17C-292C-4DEF-86D2-0A3C5C83F1DA}"
EndProject
Global
	GlobalSection(SolutionConfigurationPlatforms) = preSolution
		Debug|Any CPU = Debug|Any CPU
		Release|Any CPU = Release|Any CPU
	EndGlobalSection
	GlobalSection(ProjectConfigurationPlatforms) = postSolution
		{35ABE17C-292C-4DEF-86D2-0A3C5C83F1DA}.Debug|Any CPU.ActiveCfg = Debug|Any CPU
		{35ABE17C-292C-4DEF-86D2-0A3C5C83F1DA}.Debug|Any CPU.Build.0 = Debug|Any CPU
		{35ABE17C-292C-4DEF-86D2-0A3C5C83F1DA}.Release|Any CPU.ActiveCfg = Release|Any CPU
		{35ABE17C-292C-4DEF-86D2-0A3C5C83F1DA}.Release|Any CPU.Build.0 = Release|Any CPU
	EndGlobalSection
	GlobalSection(SolutionProperties) = preSolution
		HideSolutionNode = FALSE
	EndGlobalSection
	GlobalSection(ExtensibilityGlobals) = postSolution
		SolutionGuid = {50401A99-1484-4E81-A418-34E60B0495FC}
	EndGlobalSection
EndGlobal
