
Microsoft Visual Studio Solution File, Format Version 12.00
# Visual Studio Version 17
VisualStudioVersion = 17.14.37027.9 d17.14
MinimumVisualStudioVersion = 10.0.40219.1
Project("{FAE04EC0-301F-11D3-BF4B-00C04F79EFBC}") = "Named Arguments", "Named Arguments.csproj", "{7E01917C-9C4B-410C-A14E-01C6C4D87B54}"
EndProject
Global
	GlobalSection(SolutionConfigurationPlatforms) = preSolution
		Debug|Any CPU = Debug|Any CPU
		Release|Any CPU = Release|Any CPU
	EndGlobalSection
	GlobalSection(ProjectConfigurationPlatforms) = postSolution
		{7E01917C-9C4B-410C-A14E-01C6C4D87B54}.Debug|Any CPU.ActiveCfg = Debug|Any CPU
		{7E01917C-9C4B-410C-A14E-01C6C4D87B54}.Debug|Any CPU.Build.0 = Debug|Any CPU
		{7E01917C-9C4B-410C-A14E-01C6C4D87B54}.Release|Any CPU.ActiveCfg = Release|Any CPU
		{7E01917C-9C4B-410C-A14E-01C6C4D87B54}.Release|Any CPU.Build.0 = Release|Any CPU
	EndGlobalSection
	GlobalSection(SolutionProperties) = preSolution
		HideSolutionNode = FALSE
	EndGlobalSection
	GlobalSection(ExtensibilityGlobals) = postSolution
		SolutionGuid = {FDFEC625-830D-4178-9DF2-3DC2888C30AC}
	EndGlobalSection
EndGlobal
