
Microsoft Visual Studio Solution File, Format Version 12.00
# Visual Studio Version 17
VisualStudioVersion = 17.14.37027.9 d17.14
MinimumVisualStudioVersion = 10.0.40219.1
Project("{FAE04EC0-301F-11D3-BF4B-00C04F79EFBC}") = "Time Span", "Time Span.csproj", "{0F07DD6A-66E2-4FC2-8D1E-D2AEFEF855C4}"
EndProject
Global
	GlobalSection(SolutionConfigurationPlatforms) = preSolution
		Debug|Any CPU = Debug|Any CPU
		Release|Any CPU = Release|Any CPU
	EndGlobalSection
	GlobalSection(ProjectConfigurationPlatforms) = postSolution
		{0F07DD6A-66E2-4FC2-8D1E-D2AEFEF855C4}.Debug|Any CPU.ActiveCfg = Debug|Any CPU
		{0F07DD6A-66E2-4FC2-8D1E-D2AEFEF855C4}.Debug|Any CPU.Build.0 = Debug|Any CPU
		{0F07DD6A-66E2-4FC2-8D1E-D2AEFEF855C4}.Release|Any CPU.ActiveCfg = Release|Any CPU
		{0F07DD6A-66E2-4FC2-8D1E-D2AEFEF855C4}.Release|Any CPU.Build.0 = Release|Any CPU
	EndGlobalSection
	GlobalSection(SolutionProperties) = preSolution
		HideSolutionNode = FALSE
	EndGlobalSection
	GlobalSection(ExtensibilityGlobals) = postSolution
		SolutionGuid = {7F8FB67B-08A3-4388-8985-EE728D60A3C9}
	EndGlobalSection
EndGlobal
