
Microsoft Visual Studio Solution File, Format Version 12.00
# Visual Studio Version 17
VisualStudioVersion = 17.14.37027.9 d17.14
MinimumVisualStudioVersion = 10.0.40219.1
Project("{FAE04EC0-301F-11D3-BF4B-00C04F79EFBC}") = "Month Calendar", "Month Calendar.csproj", "{D8029266-6B34-4C32-94BD-7011F6A77B33}"
EndProject
Global
	GlobalSection(SolutionConfigurationPlatforms) = preSolution
		Debug|Any CPU = Debug|Any CPU
		Release|Any CPU = Release|Any CPU
	EndGlobalSection
	GlobalSection(ProjectConfigurationPlatforms) = postSolution
		{D8029266-6B34-4C32-94BD-7011F6A77B33}.Debug|Any CPU.ActiveCfg = Debug|Any CPU
		{D8029266-6B34-4C32-94BD-7011F6A77B33}.Debug|Any CPU.Build.0 = Debug|Any CPU
		{D8029266-6B34-4C32-94BD-7011F6A77B33}.Release|Any CPU.ActiveCfg = Release|Any CPU
		{D8029266-6B34-4C32-94BD-7011F6A77B33}.Release|Any CPU.Build.0 = Release|Any CPU
	EndGlobalSection
	GlobalSection(SolutionProperties) = preSolution
		HideSolutionNode = FALSE
	EndGlobalSection
	GlobalSection(ExtensibilityGlobals) = postSolution
		SolutionGuid = {56468F19-DF63-4B7C-8921-143C342878ED}
	EndGlobalSection
EndGlobal
