
Microsoft Visual Studio Solution File, Format Version 12.00
# Visual Studio Version 17
VisualStudioVersion = 17.14.37027.9 d17.14
MinimumVisualStudioVersion = 10.0.40219.1
Project("{FAE04EC0-301F-11D3-BF4B-00C04F79EFBC}") = "Get Current DateTime", "Get Current DateTime.csproj", "{4F30AC2E-195B-48AA-8CD2-2C59A07887C7}"
EndProject
Global
	GlobalSection(SolutionConfigurationPlatforms) = preSolution
		Debug|Any CPU = Debug|Any CPU
		Release|Any CPU = Release|Any CPU
	EndGlobalSection
	GlobalSection(ProjectConfigurationPlatforms) = postSolution
		{4F30AC2E-195B-48AA-8CD2-2C59A07887C7}.Debug|Any CPU.ActiveCfg = Debug|Any CPU
		{4F30AC2E-195B-48AA-8CD2-2C59A07887C7}.Debug|Any CPU.Build.0 = Debug|Any CPU
		{4F30AC2E-195B-48AA-8CD2-2C59A07887C7}.Release|Any CPU.ActiveCfg = Release|Any CPU
		{4F30AC2E-195B-48AA-8CD2-2C59A07887C7}.Release|Any CPU.Build.0 = Release|Any CPU
	EndGlobalSection
	GlobalSection(SolutionProperties) = preSolution
		HideSolutionNode = FALSE
	EndGlobalSection
	GlobalSection(ExtensibilityGlobals) = postSolution
		SolutionGuid = {BDCF26FB-4C33-402B-9F15-38C00E61CCB8}
	EndGlobalSection
EndGlobal
