
Microsoft Visual Studio Solution File, Format Version 12.00
# Visual Studio Version 17
VisualStudioVersion = 17.14.37027.9
MinimumVisualStudioVersion = 10.0.40219.1
Project("{FAE04EC0-301F-11D3-BF4B-00C04F79EFBC}") = "Unary Operators", "Unary Operators.csproj", "{D49523CB-206F-474F-AEA5-73A8E442AAC8}"
EndProject
Global
	GlobalSection(SolutionConfigurationPlatforms) = preSolution
		Debug|Any CPU = Debug|Any CPU
		Release|Any CPU = Release|Any CPU
	EndGlobalSection
	GlobalSection(ProjectConfigurationPlatforms) = postSolution
		{D49523CB-206F-474F-AEA5-73A8E442AAC8}.Debug|Any CPU.ActiveCfg = Debug|Any CPU
		{D49523CB-206F-474F-AEA5-73A8E442AAC8}.Debug|Any CPU.Build.0 = Debug|Any CPU
		{D49523CB-206F-474F-AEA5-73A8E442AAC8}.Release|Any CPU.ActiveCfg = Release|Any CPU
		{D49523CB-206F-474F-AEA5-73A8E442AAC8}.Release|Any CPU.Build.0 = Release|Any CPU
	EndGlobalSection
	GlobalSection(SolutionProperties) = preSolution
		HideSolutionNode = FALSE
	EndGlobalSection
	GlobalSection(ExtensibilityGlobals) = postSolution
		SolutionGuid = {FB6505B1-2C77-4F18-B885-DA3890897F90}
	EndGlobalSection
EndGlobal
