
Microsoft Visual Studio Solution File, Format Version 12.00
# Visual Studio Version 17
VisualStudioVersion = 17.14.37027.9 d17.14
MinimumVisualStudioVersion = 10.0.40219.1
Project("{FAE04EC0-301F-11D3-BF4B-00C04F79EFBC}") = "Drawing", "Drawing.csproj", "{075FF278-0759-4D2C-B88B-4F9B39EF305F}"
EndProject
Global
	GlobalSection(SolutionConfigurationPlatforms) = preSolution
		Debug|Any CPU = Debug|Any CPU
		Release|Any CPU = Release|Any CPU
	EndGlobalSection
	GlobalSection(ProjectConfigurationPlatforms) = postSolution
		{075FF278-0759-4D2C-B88B-4F9B39EF305F}.Debug|Any CPU.ActiveCfg = Debug|Any CPU
		{075FF278-0759-4D2C-B88B-4F9B39EF305F}.Debug|Any CPU.Build.0 = Debug|Any CPU
		{075FF278-0759-4D2C-B88B-4F9B39EF305F}.Release|Any CPU.ActiveCfg = Release|Any CPU
		{075FF278-0759-4D2C-B88B-4F9B39EF305F}.Release|Any CPU.Build.0 = Release|Any CPU
	EndGlobalSection
	GlobalSection(SolutionProperties) = preSolution
		HideSolutionNode = FALSE
	EndGlobalSection
	GlobalSection(ExtensibilityGlobals) = postSolution
		SolutionGuid = {B6FD4AAC-6084-4820-8F94-986716AEE60A}
	EndGlobalSection
EndGlobal
