
Microsoft Visual Studio Solution File, Format Version 12.00
# Visual Studio Version 17
VisualStudioVersion = 17.14.37027.9 d17.14
MinimumVisualStudioVersion = 10.0.40219.1
Project("{FAE04EC0-301F-11D3-BF4B-00C04F79EFBC}") = "Checked List Box", "Checked List Box.csproj", "{18BC38E2-47E1-48DA-9250-C6ECC47494FF}"
EndProject
Global
	GlobalSection(SolutionConfigurationPlatforms) = preSolution
		Debug|Any CPU = Debug|Any CPU
		Release|Any CPU = Release|Any CPU
	EndGlobalSection
	GlobalSection(ProjectConfigurationPlatforms) = postSolution
		{18BC38E2-47E1-48DA-9250-C6ECC47494FF}.Debug|Any CPU.ActiveCfg = Debug|Any CPU
		{18BC38E2-47E1-48DA-9250-C6ECC47494FF}.Debug|Any CPU.Build.0 = Debug|Any CPU
		{18BC38E2-47E1-48DA-9250-C6ECC47494FF}.Release|Any CPU.ActiveCfg = Release|Any CPU
		{18BC38E2-47E1-48DA-9250-C6ECC47494FF}.Release|Any CPU.Build.0 = Release|Any CPU
	EndGlobalSection
	GlobalSection(SolutionProperties) = preSolution
		HideSolutionNode = FALSE
	EndGlobalSection
	GlobalSection(ExtensibilityGlobals) = postSolution
		SolutionGuid = {132169F9-A34D-48C7-9DD4-D6E037814E08}
	EndGlobalSection
EndGlobal
