
Microsoft Visual Studio Solution File, Format Version 12.00
# Visual Studio Version 17
VisualStudioVersion = 17.14.37027.9 d17.14
MinimumVisualStudioVersion = 10.0.40219.1
Project("{FAE04EC0-301F-11D3-BF4B-00C04F79EFBC}") = "Tic-Tac-Toe Game", "Tic-Tac-Toe Game.csproj", "{DCDF7D48-5136-499D-ACF3-7A76284188A7}"
EndProject
Global
	GlobalSection(SolutionConfigurationPlatforms) = preSolution
		Debug|Any CPU = Debug|Any CPU
		Release|Any CPU = Release|Any CPU
	EndGlobalSection
	GlobalSection(ProjectConfigurationPlatforms) = postSolution
		{DCDF7D48-5136-499D-ACF3-7A76284188A7}.Debug|Any CPU.ActiveCfg = Debug|Any CPU
		{DCDF7D48-5136-499D-ACF3-7A76284188A7}.Debug|Any CPU.Build.0 = Debug|Any CPU
		{DCDF7D48-5136-499D-ACF3-7A76284188A7}.Release|Any CPU.ActiveCfg = Release|Any CPU
		{DCDF7D48-5136-499D-ACF3-7A76284188A7}.Release|Any CPU.Build.0 = Release|Any CPU
	EndGlobalSection
	GlobalSection(SolutionProperties) = preSolution
		HideSolutionNode = FALSE
	EndGlobalSection
	GlobalSection(ExtensibilityGlobals) = postSolution
		SolutionGuid = {F96A91F8-CAA2-4DF4-BA6C-B501CA8E7161}
	EndGlobalSection
EndGlobal
