
Microsoft Visual Studio Solution File, Format Version 12.00
# Visual Studio Version 17
VisualStudioVersion = 17.14.37027.9 d17.14
MinimumVisualStudioVersion = 10.0.40219.1
Project("{FAE04EC0-301F-11D3-BF4B-00C04F79EFBC}") = "Do While Loop", "Do While Loop.csproj", "{01E46589-1AF1-4670-BBFF-C083A3CEB5BC}"
EndProject
Global
	GlobalSection(SolutionConfigurationPlatforms) = preSolution
		Debug|Any CPU = Debug|Any CPU
		Release|Any CPU = Release|Any CPU
	EndGlobalSection
	GlobalSection(ProjectConfigurationPlatforms) = postSolution
		{01E46589-1AF1-4670-BBFF-C083A3CEB5BC}.Debug|Any CPU.ActiveCfg = Debug|Any CPU
		{01E46589-1AF1-4670-BBFF-C083A3CEB5BC}.Debug|Any CPU.Build.0 = Debug|Any CPU
		{01E46589-1AF1-4670-BBFF-C083A3CEB5BC}.Release|Any CPU.ActiveCfg = Release|Any CPU
		{01E46589-1AF1-4670-BBFF-C083A3CEB5BC}.Release|Any CPU.Build.0 = Release|Any CPU
	EndGlobalSection
	GlobalSection(SolutionProperties) = preSolution
		HideSolutionNode = FALSE
	EndGlobalSection
	GlobalSection(ExtensibilityGlobals) = postSolution
		SolutionGuid = {B84A5F01-CBF1-442D-A665-E74CE5EE3FD0}
	EndGlobalSection
EndGlobal
