
Microsoft Visual Studio Solution File, Format Version 12.00
# Visual Studio Version 17
VisualStudioVersion = 17.14.37027.9 d17.14
MinimumVisualStudioVersion = 10.0.40219.1
Project("{FAE04EC0-301F-11D3-BF4B-00C04F79EFBC}") = "if ,if else,nested if", "if ,if else,nested if.csproj", "{33FDEA53-F849-49AF-AE55-4B3C3724175C}"
EndProject
Global
	GlobalSection(SolutionConfigurationPlatforms) = preSolution
		Debug|Any CPU = Debug|Any CPU
		Release|Any CPU = Release|Any CPU
	EndGlobalSection
	GlobalSection(ProjectConfigurationPlatforms) = postSolution
		{33FDEA53-F849-49AF-AE55-4B3C3724175C}.Debug|Any CPU.ActiveCfg = Debug|Any CPU
		{33FDEA53-F849-49AF-AE55-4B3C3724175C}.Debug|Any CPU.Build.0 = Debug|Any CPU
		{33FDEA53-F849-49AF-AE55-4B3C3724175C}.Release|Any CPU.ActiveCfg = Release|Any CPU
		{33FDEA53-F849-49AF-AE55-4B3C3724175C}.Release|Any CPU.Build.0 = Release|Any CPU
	EndGlobalSection
	GlobalSection(SolutionProperties) = preSolution
		HideSolutionNode = FALSE
	EndGlobalSection
	GlobalSection(ExtensibilityGlobals) = postSolution
		SolutionGuid = {0A592A9D-15E2-4C37-AAF1-96FCE0958618}
	EndGlobalSection
EndGlobal
