
Microsoft Visual Studio Solution File, Format Version 12.00
# Visual Studio Version 17
VisualStudioVersion = 17.14.37027.9 d17.14
MinimumVisualStudioVersion = 10.0.40219.1
Project("{FAE04EC0-301F-11D3-BF4B-00C04F79EFBC}") = "Exceptions  Try -Catch", "Exceptions  Try -Catch.csproj", "{F51316F6-F643-411F-8B02-0A835829206E}"
EndProject
Global
	GlobalSection(SolutionConfigurationPlatforms) = preSolution
		Debug|Any CPU = Debug|Any CPU
		Release|Any CPU = Release|Any CPU
	EndGlobalSection
	GlobalSection(ProjectConfigurationPlatforms) = postSolution
		{F51316F6-F643-411F-8B02-0A835829206E}.Debug|Any CPU.ActiveCfg = Debug|Any CPU
		{F51316F6-F643-411F-8B02-0A835829206E}.Debug|Any CPU.Build.0 = Debug|Any CPU
		{F51316F6-F643-411F-8B02-0A835829206E}.Release|Any CPU.ActiveCfg = Release|Any CPU
		{F51316F6-F643-411F-8B02-0A835829206E}.Release|Any CPU.Build.0 = Release|Any CPU
	EndGlobalSection
	GlobalSection(SolutionProperties) = preSolution
		HideSolutionNode = FALSE
	EndGlobalSection
	GlobalSection(ExtensibilityGlobals) = postSolution
		SolutionGuid = {B04E51A8-261A-4517-8C01-5FAC3600922D}
	EndGlobalSection
EndGlobal
