
Microsoft Visual Studio Solution File, Format Version 12.00
# Visual Studio Version 17
VisualStudioVersion = 17.14.37027.9 d17.14
MinimumVisualStudioVersion = 10.0.40219.1
Project("{FAE04EC0-301F-11D3-BF4B-00C04F79EFBC}") = "Switch Ex4-String Compare", "Switch Ex4-String Compare.csproj", "{B85663DB-4B36-4839-B73E-341B3D456207}"
EndProject
Global
	GlobalSection(SolutionConfigurationPlatforms) = preSolution
		Debug|Any CPU = Debug|Any CPU
		Release|Any CPU = Release|Any CPU
	EndGlobalSection
	GlobalSection(ProjectConfigurationPlatforms) = postSolution
		{B85663DB-4B36-4839-B73E-341B3D456207}.Debug|Any CPU.ActiveCfg = Debug|Any CPU
		{B85663DB-4B36-4839-B73E-341B3D456207}.Debug|Any CPU.Build.0 = Debug|Any CPU
		{B85663DB-4B36-4839-B73E-341B3D456207}.Release|Any CPU.ActiveCfg = Release|Any CPU
		{B85663DB-4B36-4839-B73E-341B3D456207}.Release|Any CPU.Build.0 = Release|Any CPU
	EndGlobalSection
	GlobalSection(SolutionProperties) = preSolution
		HideSolutionNode = FALSE
	EndGlobalSection
	GlobalSection(ExtensibilityGlobals) = postSolution
		SolutionGuid = {D0AF76FD-12FA-48FE-B6B3-3CFA95EBBC55}
	EndGlobalSection
EndGlobal
